
Microsoft Visual Studio Solution File, Format Version 12.00
# Visual Studio Version 17
VisualStudioVersion = 17.5.33627.172
MinimumVisualStudioVersion = 10.0.40219.1
Project("{FAE04EC0-301F-11D3-BF4B-00C04F79EFBC}") = "Lib", "Lib\Lib.csproj", "{AAEDFD13-ACEE-44CB-A2C4-7D169A40EAD2}"
EndProject
Project("{FAE04EC0-301F-11D3-BF4B-00C04F79EFBC}") = "App", "App\App.csproj", "{D024B792-6BB6-4D46-8241-F3D221BD968F}"
EndProject
Global
	GlobalSection(SolutionConfigurationPlatforms) = preSolution
		Debug|Any CPU = Debug|Any CPU
		Release|Any CPU = Release|Any CPU
	EndGlobalSection
	GlobalSection(ProjectConfigurationPlatforms) = postSolution
		{AAEDFD13-ACEE-44CB-A2C4-7D169A40EAD2}.Debug|Any CPU.ActiveCfg = Debug|Any CPU
		{AAEDFD13-ACEE-44CB-A2C4-7D169A40EAD2}.Debug|Any CPU.Build.0 = Debug|Any CPU
		{AAEDFD13-ACEE-44CB-A2C4-7D169A40EAD2}.Release|Any CPU.ActiveCfg = Release|Any CPU
		{AAEDFD13-ACEE-44CB-A2C4-7D169A40EAD2}.Release|Any CPU.Build.0 = Release|Any CPU
		{D024B792-6BB6-4D46-8241-F3D221BD968F}.Debug|Any CPU.ActiveCfg = Debug|Any CPU
		{D024B792-6BB6-4D46-8241-F3D221BD968F}.Debug|Any CPU.Build.0 = Debug|Any CPU
		{D024B792-6BB6-4D46-8241-F3D221BD968F}.Release|Any CPU.ActiveCfg = Release|Any CPU
		{D024B792-6BB6-4D46-8241-F3D221BD968F}.Release|Any CPU.Build.0 = Release|Any CPU
	EndGlobalSection
	GlobalSection(SolutionProperties) = preSolution
		HideSolutionNode = FALSE
	EndGlobalSection
	GlobalSection(ExtensibilityGlobals) = postSolution
		SolutionGuid = {347B73D8-BCB0-4A85-8DCC-37CC9AAF42B7}
	EndGlobalSection
EndGlobal
